
Microsoft Visual Studio Solution File, Format Version 12.00
# Visual Studio Version 16
VisualStudioVersion = 16.0.31019.35
MinimumVisualStudioVersion = 10.0.40219.1
Project("{9A19103F-16F7-4668-BE54-9A1E7A4F7556}") = "TaxAPI", "TaxAPI.csproj", "{53CF5441-1D79-4F0D-BF8D-E88A388B5BD1}"
EndProject
Project("{FAE04EC0-301F-11D3-BF4B-00C04F79EFBC}") = "TaxAPITests", "..\TaxAPITests\TaxAPITests.csproj", "{B9C2247F-C893-45CA-BA36-9805F13A8051}"
EndProject
Global
	GlobalSection(SolutionConfigurationPlatforms) = preSolution
		Debug|Any CPU = Debug|Any CPU
		Release|Any CPU = Release|Any CPU
	EndGlobalSection
	GlobalSection(ProjectConfigurationPlatforms) = postSolution
		{53CF5441-1D79-4F0D-BF8D-E88A388B5BD1}.Debug|Any CPU.ActiveCfg = Debug|Any CPU
		{53CF5441-1D79-4F0D-BF8D-E88A388B5BD1}.Debug|Any CPU.Build.0 = Debug|Any CPU
		{53CF5441-1D79-4F0D-BF8D-E88A388B5BD1}.Release|Any CPU.ActiveCfg = Release|Any CPU
		{53CF5441-1D79-4F0D-BF8D-E88A388B5BD1}.Release|Any CPU.Build.0 = Release|Any CPU
		{B9C2247F-C893-45CA-BA36-9805F13A8051}.Debug|Any CPU.ActiveCfg = Debug|Any CPU
		{B9C2247F-C893-45CA-BA36-9805F13A8051}.Debug|Any CPU.Build.0 = Debug|Any CPU
		{B9C2247F-C893-45CA-BA36-9805F13A8051}.Release|Any CPU.ActiveCfg = Release|Any CPU
		{B9C2247F-C893-45CA-BA36-9805F13A8051}.Release|Any CPU.Build.0 = Release|Any CPU
	EndGlobalSection
	GlobalSection(SolutionProperties) = preSolution
		HideSolutionNode = FALSE
	EndGlobalSection
	GlobalSection(ExtensibilityGlobals) = postSolution
		SolutionGuid = {888B4A52-D4B8-4E7A-BD66-A14C71DD46D4}
	EndGlobalSection
EndGlobal
